
Microsoft Visual Studio Solution File, Format Version 10.00
# Visual Studio 2008
Project("{FAE04EC0-301F-11D3-BF4B-00C04F79EFBC}") = "OpenFAST", "OpenFast\OpenFAST.csproj", "{B41B3B40-8E14-45EC-BC3A-311BC8C1C20E}"
EndProject
Project("{FAE04EC0-301F-11D3-BF4B-00C04F79EFBC}") = "UnitTest", "UnitTest\UnitTest.csproj", "{05D5E09C-CEF1-4831-BF48-DAA36977100B}"
EndProject
Project("{FAE04EC0-301F-11D3-BF4B-00C04F79EFBC}") = "TCPServer", "TCPServer\TCPServer.csproj", "{8656599E-A817-43D3-BAFB-CFD997240963}"
EndProject
Project("{FAE04EC0-301F-11D3-BF4B-00C04F79EFBC}") = "TCPClient", "TCPClient\TCPClient.csproj", "{02E1C7BC-F6ED-405C-9AC2-00217B09C332}"
EndProject
Global
	GlobalSection(SolutionConfigurationPlatforms) = preSolution
		Debug|Any CPU = Debug|Any CPU
		Release|Any CPU = Release|Any CPU
	EndGlobalSection
	GlobalSection(ProjectConfigurationPlatforms) = postSolution
		{B41B3B40-8E14-45EC-BC3A-311BC8C1C20E}.Debug|Any CPU.ActiveCfg = Debug|Any CPU
		{B41B3B40-8E14-45EC-BC3A-311BC8C1C20E}.Debug|Any CPU.Build.0 = Debug|Any CPU
		{B41B3B40-8E14-45EC-BC3A-311BC8C1C20E}.Release|Any CPU.ActiveCfg = Release|Any CPU
		{B41B3B40-8E14-45EC-BC3A-311BC8C1C20E}.Release|Any CPU.Build.0 = Release|Any CPU
		{05D5E09C-CEF1-4831-BF48-DAA36977100B}.Debug|Any CPU.ActiveCfg = Debug|Any CPU
		{05D5E09C-CEF1-4831-BF48-DAA36977100B}.Debug|Any CPU.Build.0 = Debug|Any CPU
		{05D5E09C-CEF1-4831-BF48-DAA36977100B}.Release|Any CPU.ActiveCfg = Release|Any CPU
		{05D5E09C-CEF1-4831-BF48-DAA36977100B}.Release|Any CPU.Build.0 = Release|Any CPU
		{8656599E-A817-43D3-BAFB-CFD997240963}.Debug|Any CPU.ActiveCfg = Debug|Any CPU
		{8656599E-A817-43D3-BAFB-CFD997240963}.Debug|Any CPU.Build.0 = Debug|Any CPU
		{8656599E-A817-43D3-BAFB-CFD997240963}.Release|Any CPU.ActiveCfg = Release|Any CPU
		{8656599E-A817-43D3-BAFB-CFD997240963}.Release|Any CPU.Build.0 = Release|Any CPU
		{02E1C7BC-F6ED-405C-9AC2-00217B09C332}.Debug|Any CPU.ActiveCfg = Debug|Any CPU
		{02E1C7BC-F6ED-405C-9AC2-00217B09C332}.Debug|Any CPU.Build.0 = Debug|Any CPU
		{02E1C7BC-F6ED-405C-9AC2-00217B09C332}.Release|Any CPU.ActiveCfg = Release|Any CPU
		{02E1C7BC-F6ED-405C-9AC2-00217B09C332}.Release|Any CPU.Build.0 = Release|Any CPU
	EndGlobalSection
	GlobalSection(SolutionProperties) = preSolution
		HideSolutionNode = FALSE
	EndGlobalSection
EndGlobal
